// !$*UTF8*$!
{
	archiveVersion = 1;
	classes = {
	};
	objectVersion = 46;
	objects = {

/* Begin PBXBuildFile section */
		F9317FCF180ED9780047195F /* NSDictionary+XGSMerge.m in Sources */ = {isa = PBXBuildFile; fileRef = F9317FCE180ED9780047195F /* NSDictionary+XGSMerge.m */; };
		F99DA4FA1807F84C00176BE7 /* Foundation.framework in Frameworks */ = {isa = PBXBuildFile; fileRef = F99DA4F91807F84C00176BE7 /* Foundation.framework */; };
		F99DA4FC1807F84C00176BE7 /* CoreGraphics.framework in Frameworks */ = {isa = PBXBuildFile; fileRef = F99DA4FB1807F84C00176BE7 /* CoreGraphics.framework */; };
		F99DA4FE1807F84C00176BE7 /* UIKit.framework in Frameworks */ = {isa = PBXBuildFile; fileRef = F99DA4FD1807F84C00176BE7 /* UIKit.framework */; };
		F99DA5041807F84C00176BE7 /* InfoPlist.strings in Resources */ = {isa = PBXBuildFile; fileRef = F99DA5021807F84C00176BE7 /* InfoPlist.strings */; };
		F99DA5061807F84C00176BE7 /* main.m in Sources */ = {isa = PBXBuildFile; fileRef = F99DA5051807F84C00176BE7 /* main.m */; };
		F99DA50C1807F84C00176BE7 /* Images.xcassets in Resources */ = {isa = PBXBuildFile; fileRef = F99DA50B1807F84C00176BE7 /* Images.xcassets */; };
		F99DA5131807F84C00176BE7 /* XCTest.framework in Frameworks */ = {isa = PBXBuildFile; fileRef = F99DA5121807F84C00176BE7 /* XCTest.framework */; };
		F99DA5141807F84C00176BE7 /* Foundation.framework in Frameworks */ = {isa = PBXBuildFile; fileRef = F99DA4F91807F84C00176BE7 /* Foundation.framework */; };
		F99DA5151807F84C00176BE7 /* UIKit.framework in Frameworks */ = {isa = PBXBuildFile; fileRef = F99DA4FD1807F84C00176BE7 /* UIKit.framework */; };
		F99DA51D1807F84C00176BE7 /* InfoPlist.strings in Resources */ = {isa = PBXBuildFile; fileRef = F99DA51B1807F84C00176BE7 /* InfoPlist.strings */; };
		F99DA51F1807F84C00176BE7 /* TextKitPlaygroundTests.m in Sources */ = {isa = PBXBuildFile; fileRef = F99DA51E1807F84C00176BE7 /* TextKitPlaygroundTests.m */; };
		F9AA4659180E0F59009B193A /* XGSAppDelegate.m in Sources */ = {isa = PBXBuildFile; fileRef = F9AA4654180E0F59009B193A /* XGSAppDelegate.m */; };
		F9AA465B180E0F59009B193A /* XGSTextViewController.m in Sources */ = {isa = PBXBuildFile; fileRef = F9AA4658180E0F59009B193A /* XGSTextViewController.m */; };
		F9AA465F180E0F63009B193A /* UIColor+AppColor.m in Sources */ = {isa = PBXBuildFile; fileRef = F9AA465E180E0F63009B193A /* UIColor+AppColor.m */; };
		F9AA466A180E0F6B009B193A /* XGSHighlightTextStorage.m in Sources */ = {isa = PBXBuildFile; fileRef = F9AA4664180E0F6B009B193A /* XGSHighlightTextStorage.m */; };
		F9AA466B180E0F6B009B193A /* XGSMarkdownTag.m in Sources */ = {isa = PBXBuildFile; fileRef = F9AA4666180E0F6B009B193A /* XGSMarkdownTag.m */; };
		F9AA466C180E0F6B009B193A /* XGSMarkdownDefinition.m in Sources */ = {isa = PBXBuildFile; fileRef = F9AA4668180E0F6B009B193A /* XGSMarkdownDefinition.m */; };
		F9AA4672180E0F70009B193A /* PSMenuItem.m in Sources */ = {isa = PBXBuildFile; fileRef = F9AA466F180E0F70009B193A /* PSMenuItem.m */; };
		F9AA4673180E0F70009B193A /* XGSMarkdownInputAccessoryView.m in Sources */ = {isa = PBXBuildFile; fileRef = F9AA4671180E0F70009B193A /* XGSMarkdownInputAccessoryView.m */; };
		F9AA467B180E11DB009B193A /* XGSMarkdownTagTrait.m in Sources */ = {isa = PBXBuildFile; fileRef = F9AA467A180E11DB009B193A /* XGSMarkdownTagTrait.m */; };
		F9AA467E180E12FD009B193A /* XGSMarkdownTagBuilder.m in Sources */ = {isa = PBXBuildFile; fileRef = F9AA467D180E12FD009B193A /* XGSMarkdownTagBuilder.m */; };
/* End PBXBuildFile section */

/* Begin PBXContainerItemProxy section */
		F99DA5161807F84C00176BE7 /* PBXContainerItemProxy */ = {
			isa = PBXContainerItemProxy;
			containerPortal = F99DA4EE1807F84C00176BE7 /* Project object */;
			proxyType = 1;
			remoteGlobalIDString = F99DA4F51807F84C00176BE7;
			remoteInfo = TextKitPlayground;
		};
/* End PBXContainerItemProxy section */

/* Begin PBXFileReference section */
		F9317FCD180ED9780047195F /* NSDictionary+XGSMerge.h */ = {isa = PBXFileReference; fileEncoding = 4; lastKnownFileType = sourcecode.c.h; path = "NSDictionary+XGSMerge.h"; sourceTree = "<group>"; };
		F9317FCE180ED9780047195F /* NSDictionary+XGSMerge.m */ = {isa = PBXFileReference; fileEncoding = 4; lastKnownFileType = sourcecode.c.objc; path = "NSDictionary+XGSMerge.m"; sourceTree = "<group>"; };
		F99DA4F61807F84C00176BE7 /* MarkdownEditor.app */ = {isa = PBXFileReference; explicitFileType = wrapper.application; includeInIndex = 0; path = MarkdownEditor.app; sourceTree = BUILT_PRODUCTS_DIR; };
		F99DA4F91807F84C00176BE7 /* Foundation.framework */ = {isa = PBXFileReference; lastKnownFileType = wrapper.framework; name = Foundation.framework; path = System/Library/Frameworks/Foundation.framework; sourceTree = SDKROOT; };
		F99DA4FB1807F84C00176BE7 /* CoreGraphics.framework */ = {isa = PBXFileReference; lastKnownFileType = wrapper.framework; name = CoreGraphics.framework; path = System/Library/Frameworks/CoreGraphics.framework; sourceTree = SDKROOT; };
		F99DA4FD1807F84C00176BE7 /* UIKit.framework */ = {isa = PBXFileReference; lastKnownFileType = wrapper.framework; name = UIKit.framework; path = System/Library/Frameworks/UIKit.framework; sourceTree = SDKROOT; };
		F99DA5011807F84C00176BE7 /* MarkdownEditor-Info.plist */ = {isa = PBXFileReference; lastKnownFileType = text.plist.xml; path = "MarkdownEditor-Info.plist"; sourceTree = "<group>"; };
		F99DA5031807F84C00176BE7 /* en */ = {isa = PBXFileReference; lastKnownFileType = text.plist.strings; name = en; path = en.lproj/InfoPlist.strings; sourceTree = "<group>"; };
		F99DA5051807F84C00176BE7 /* main.m */ = {isa = PBXFileReference; lastKnownFileType = sourcecode.c.objc; path = main.m; sourceTree = "<group>"; };
		F99DA5071807F84C00176BE7 /* MarkdownEditor-Prefix.pch */ = {isa = PBXFileReference; lastKnownFileType = sourcecode.c.h; path = "MarkdownEditor-Prefix.pch"; sourceTree = "<group>"; };
		F99DA50B1807F84C00176BE7 /* Images.xcassets */ = {isa = PBXFileReference; lastKnownFileType = folder.assetcatalog; path = Images.xcassets; sourceTree = "<group>"; };
		F99DA5111807F84C00176BE7 /* MarkdownEditorTests.xctest */ = {isa = PBXFileReference; explicitFileType = wrapper.cfbundle; includeInIndex = 0; path = MarkdownEditorTests.xctest; sourceTree = BUILT_PRODUCTS_DIR; };
		F99DA5121807F84C00176BE7 /* XCTest.framework */ = {isa = PBXFileReference; lastKnownFileType = wrapper.framework; name = XCTest.framework; path = Library/Frameworks/XCTest.framework; sourceTree = DEVELOPER_DIR; };
		F99DA51A1807F84C00176BE7 /* MarkdownEditorTests-Info.plist */ = {isa = PBXFileReference; lastKnownFileType = text.plist.xml; path = "MarkdownEditorTests-Info.plist"; sourceTree = "<group>"; };
		F99DA51C1807F84C00176BE7 /* en */ = {isa = PBXFileReference; lastKnownFileType = text.plist.strings; name = en; path = en.lproj/InfoPlist.strings; sourceTree = "<group>"; };
		F99DA51E1807F84C00176BE7 /* TextKitPlaygroundTests.m */ = {isa = PBXFileReference; lastKnownFileType = sourcecode.c.objc; path = TextKitPlaygroundTests.m; sourceTree = "<group>"; };
		F9AA4653180E0F59009B193A /* XGSAppDelegate.h */ = {isa = PBXFileReference; fileEncoding = 4; lastKnownFileType = sourcecode.c.h; path = XGSAppDelegate.h; sourceTree = "<group>"; };
		F9AA4654180E0F59009B193A /* XGSAppDelegate.m */ = {isa = PBXFileReference; fileEncoding = 4; lastKnownFileType = sourcecode.c.objc; path = XGSAppDelegate.m; sourceTree = "<group>"; };
		F9AA4657180E0F59009B193A /* XGSTextViewController.h */ = {isa = PBXFileReference; fileEncoding = 4; lastKnownFileType = sourcecode.c.h; path = XGSTextViewController.h; sourceTree = "<group>"; };
		F9AA4658180E0F59009B193A /* XGSTextViewController.m */ = {isa = PBXFileReference; fileEncoding = 4; lastKnownFileType = sourcecode.c.objc; path = XGSTextViewController.m; sourceTree = "<group>"; };
		F9AA465D180E0F63009B193A /* UIColor+AppColor.h */ = {isa = PBXFileReference; fileEncoding = 4; lastKnownFileType = sourcecode.c.h; path = "UIColor+AppColor.h"; sourceTree = "<group>"; };
		F9AA465E180E0F63009B193A /* UIColor+AppColor.m */ = {isa = PBXFileReference; fileEncoding = 4; lastKnownFileType = sourcecode.c.objc; path = "UIColor+AppColor.m"; sourceTree = "<group>"; };
		F9AA4663180E0F6B009B193A /* XGSHighlightTextStorage.h */ = {isa = PBXFileReference; fileEncoding = 4; lastKnownFileType = sourcecode.c.h; path = XGSHighlightTextStorage.h; sourceTree = "<group>"; };
		F9AA4664180E0F6B009B193A /* XGSHighlightTextStorage.m */ = {isa = PBXFileReference; fileEncoding = 4; lastKnownFileType = sourcecode.c.objc; path = XGSHighlightTextStorage.m; sourceTree = "<group>"; };
		F9AA4665180E0F6B009B193A /* XGSMarkdownTag.h */ = {isa = PBXFileReference; fileEncoding = 4; lastKnownFileType = sourcecode.c.h; path = XGSMarkdownTag.h; sourceTree = "<group>"; };
		F9AA4666180E0F6B009B193A /* XGSMarkdownTag.m */ = {isa = PBXFileReference; fileEncoding = 4; lastKnownFileType = sourcecode.c.objc; path = XGSMarkdownTag.m; sourceTree = "<group>"; };
		F9AA4667180E0F6B009B193A /* XGSMarkdownDefinition.h */ = {isa = PBXFileReference; fileEncoding = 4; lastKnownFileType = sourcecode.c.h; path = XGSMarkdownDefinition.h; sourceTree = "<group>"; };
		F9AA4668180E0F6B009B193A /* XGSMarkdownDefinition.m */ = {isa = PBXFileReference; fileEncoding = 4; lastKnownFileType = sourcecode.c.objc; path = XGSMarkdownDefinition.m; sourceTree = "<group>"; };
		F9AA466E180E0F70009B193A /* PSMenuItem.h */ = {isa = PBXFileReference; fileEncoding = 4; lastKnownFileType = sourcecode.c.h; path = PSMenuItem.h; sourceTree = "<group>"; };
		F9AA466F180E0F70009B193A /* PSMenuItem.m */ = {isa = PBXFileReference; fileEncoding = 4; lastKnownFileType = sourcecode.c.objc; path = PSMenuItem.m; sourceTree = "<group>"; };
		F9AA4670180E0F70009B193A /* XGSMarkdownInputAccessoryView.h */ = {isa = PBXFileReference; fileEncoding = 4; lastKnownFileType = sourcecode.c.h; path = XGSMarkdownInputAccessoryView.h; sourceTree = "<group>"; };
		F9AA4671180E0F70009B193A /* XGSMarkdownInputAccessoryView.m */ = {isa = PBXFileReference; fileEncoding = 4; lastKnownFileType = sourcecode.c.objc; path = XGSMarkdownInputAccessoryView.m; sourceTree = "<group>"; };
		F9AA4679180E11DB009B193A /* XGSMarkdownTagTrait.h */ = {isa = PBXFileReference; fileEncoding = 4; lastKnownFileType = sourcecode.c.h; path = XGSMarkdownTagTrait.h; sourceTree = "<group>"; };
		F9AA467A180E11DB009B193A /* XGSMarkdownTagTrait.m */ = {isa = PBXFileReference; fileEncoding = 4; lastKnownFileType = sourcecode.c.objc; path = XGSMarkdownTagTrait.m; sourceTree = "<group>"; };
		F9AA467C180E12FD009B193A /* XGSMarkdownTagBuilder.h */ = {isa = PBXFileReference; fileEncoding = 4; lastKnownFileType = sourcecode.c.h; path = XGSMarkdownTagBuilder.h; sourceTree = "<group>"; };
		F9AA467D180E12FD009B193A /* XGSMarkdownTagBuilder.m */ = {isa = PBXFileReference; fileEncoding = 4; lastKnownFileType = sourcecode.c.objc; path = XGSMarkdownTagBuilder.m; sourceTree = "<group>"; };
		F9AA467F180E133C009B193A /* XGSMarkdownTagType.h */ = {isa = PBXFileReference; lastKnownFileType = sourcecode.c.h; path = XGSMarkdownTagType.h; sourceTree = "<group>"; };
		F9AA4680180E1A3F009B193A /* XGSMarkdownTag_Private.h */ = {isa = PBXFileReference; lastKnownFileType = sourcecode.c.h; path = XGSMarkdownTag_Private.h; sourceTree = "<group>"; };
/* End PBXFileReference section */

/* Begin PBXFrameworksBuildPhase section */
		F99DA4F31807F84C00176BE7 /* Frameworks */ = {
			isa = PBXFrameworksBuildPhase;
			buildActionMask = 2147483647;
			files = (
				F99DA4FC1807F84C00176BE7 /* CoreGraphics.framework in Frameworks */,
				F99DA4FE1807F84C00176BE7 /* UIKit.framework in Frameworks */,
				F99DA4FA1807F84C00176BE7 /* Foundation.framework in Frameworks */,
			);
			runOnlyForDeploymentPostprocessing = 0;
		};
		F99DA50E1807F84C00176BE7 /* Frameworks */ = {
			isa = PBXFrameworksBuildPhase;
			buildActionMask = 2147483647;
			files = (
				F99DA5131807F84C00176BE7 /* XCTest.framework in Frameworks */,
				F99DA5151807F84C00176BE7 /* UIKit.framework in Frameworks */,
				F99DA5141807F84C00176BE7 /* Foundation.framework in Frameworks */,
			);
			runOnlyForDeploymentPostprocessing = 0;
		};
/* End PBXFrameworksBuildPhase section */

/* Begin PBXGroup section */
		F99DA4ED1807F84C00176BE7 = {
			isa = PBXGroup;
			children = (
				F99DA4FF1807F84C00176BE7 /* MarkdownEditor */,
				F99DA5181807F84C00176BE7 /* MarkdownEditorTests */,
				F99DA4F81807F84C00176BE7 /* Frameworks */,
				F99DA4F71807F84C00176BE7 /* Products */,
			);
			sourceTree = "<group>";
		};
		F99DA4F71807F84C00176BE7 /* Products */ = {
			isa = PBXGroup;
			children = (
				F99DA4F61807F84C00176BE7 /* MarkdownEditor.app */,
				F99DA5111807F84C00176BE7 /* MarkdownEditorTests.xctest */,
			);
			name = Products;
			sourceTree = "<group>";
		};
		F99DA4F81807F84C00176BE7 /* Frameworks */ = {
			isa = PBXGroup;
			children = (
				F99DA4F91807F84C00176BE7 /* Foundation.framework */,
				F99DA4FB1807F84C00176BE7 /* CoreGraphics.framework */,
				F99DA4FD1807F84C00176BE7 /* UIKit.framework */,
				F99DA5121807F84C00176BE7 /* XCTest.framework */,
			);
			name = Frameworks;
			sourceTree = "<group>";
		};
		F99DA4FF1807F84C00176BE7 /* MarkdownEditor */ = {
			isa = PBXGroup;
			children = (
				F9AA465C180E0F63009B193A /* Extensions */,
				F9AA4652180E0F59009B193A /* Controllers */,
				F9AA4660180E0F6B009B193A /* Model */,
				F9AA466D180E0F70009B193A /* Views */,
				F99DA50B1807F84C00176BE7 /* Images.xcassets */,
				F99DA5001807F84C00176BE7 /* Supporting Files */,
			);
			path = MarkdownEditor;
			sourceTree = "<group>";
		};
		F99DA5001807F84C00176BE7 /* Supporting Files */ = {
			isa = PBXGroup;
			children = (
				F99DA5011807F84C00176BE7 /* MarkdownEditor-Info.plist */,
				F99DA5021807F84C00176BE7 /* InfoPlist.strings */,
				F99DA5051807F84C00176BE7 /* main.m */,
				F99DA5071807F84C00176BE7 /* MarkdownEditor-Prefix.pch */,
			);
			name = "Supporting Files";
			sourceTree = "<group>";
		};
		F99DA5181807F84C00176BE7 /* MarkdownEditorTests */ = {
			isa = PBXGroup;
			children = (
				F99DA51E1807F84C00176BE7 /* TextKitPlaygroundTests.m */,
				F99DA5191807F84C00176BE7 /* Supporting Files */,
			);
			path = MarkdownEditorTests;
			sourceTree = "<group>";
		};
		F99DA5191807F84C00176BE7 /* Supporting Files */ = {
			isa = PBXGroup;
			children = (
				F99DA51A1807F84C00176BE7 /* MarkdownEditorTests-Info.plist */,
				F99DA51B1807F84C00176BE7 /* InfoPlist.strings */,
			);
			name = "Supporting Files";
			sourceTree = "<group>";
		};
		F9AA4652180E0F59009B193A /* Controllers */ = {
			isa = PBXGroup;
			children = (
				F9AA4653180E0F59009B193A /* XGSAppDelegate.h */,
				F9AA4654180E0F59009B193A /* XGSAppDelegate.m */,
				F9AA4657180E0F59009B193A /* XGSTextViewController.h */,
				F9AA4658180E0F59009B193A /* XGSTextViewController.m */,
			);
			path = Controllers;
			sourceTree = "<group>";
		};
		F9AA465C180E0F63009B193A /* Extensions */ = {
			isa = PBXGroup;
			children = (
				F9AA465D180E0F63009B193A /* UIColor+AppColor.h */,
				F9AA465E180E0F63009B193A /* UIColor+AppColor.m */,
				F9317FCD180ED9780047195F /* NSDictionary+XGSMerge.h */,
				F9317FCE180ED9780047195F /* NSDictionary+XGSMerge.m */,
			);
			path = Extensions;
			sourceTree = "<group>";
		};
		F9AA4660180E0F6B009B193A /* Model */ = {
			isa = PBXGroup;
			children = (
				F9AA4674180E0FF2009B193A /* Tag */,
				F9AA4663180E0F6B009B193A /* XGSHighlightTextStorage.h */,
				F9AA4664180E0F6B009B193A /* XGSHighlightTextStorage.m */,
				F9AA4667180E0F6B009B193A /* XGSMarkdownDefinition.h */,
				F9AA4668180E0F6B009B193A /* XGSMarkdownDefinition.m */,
			);
			path = Model;
			sourceTree = "<group>";
		};
		F9AA466D180E0F70009B193A /* Views */ = {
			isa = PBXGroup;
			children = (
				F9AA466E180E0F70009B193A /* PSMenuItem.h */,
				F9AA466F180E0F70009B193A /* PSMenuItem.m */,
				F9AA4670180E0F70009B193A /* XGSMarkdownInputAccessoryView.h */,
				F9AA4671180E0F70009B193A /* XGSMarkdownInputAccessoryView.m */,
			);
			path = Views;
			sourceTree = "<group>";
		};
		F9AA4674180E0FF2009B193A /* Tag */ = {
			isa = PBXGroup;
			children = (
				F9AA467F180E133C009B193A /* XGSMarkdownTagType.h */,
				F9AA467C180E12FD009B193A /* XGSMarkdownTagBuilder.h */,
				F9AA467D180E12FD009B193A /* XGSMarkdownTagBuilder.m */,
				F9AA4665180E0F6B009B193A /* XGSMarkdownTag.h */,
				F9AA4666180E0F6B009B193A /* XGSMarkdownTag.m */,
				F9AA4680180E1A3F009B193A /* XGSMarkdownTag_Private.h */,
				F9AA4679180E11DB009B193A /* XGSMarkdownTagTrait.h */,
				F9AA467A180E11DB009B193A /* XGSMarkdownTagTrait.m */,
			);
			name = Tag;
			sourceTree = "<group>";
		};
/* End PBXGroup section */

/* Begin PBXNativeTarget section */
		F99DA4F51807F84C00176BE7 /* MarkdownEditor */ = {
			isa = PBXNativeTarget;
			buildConfigurationList = F99DA5221807F84C00176BE7 /* Build configuration list for PBXNativeTarget "MarkdownEditor" */;
			buildPhases = (
				F99DA4F21807F84C00176BE7 /* Sources */,
				F99DA4F31807F84C00176BE7 /* Frameworks */,
				F99DA4F41807F84C00176BE7 /* Resources */,
			);
			buildRules = (
			);
			dependencies = (
			);
			name = MarkdownEditor;
			productName = TextKitPlayground;
			productReference = F99DA4F61807F84C00176BE7 /* MarkdownEditor.app */;
			productType = "com.apple.product-type.application";
		};
		F99DA5101807F84C00176BE7 /* MarkdownEditorTests */ = {
			isa = PBXNativeTarget;
			buildConfigurationList = F99DA5251807F84C00176BE7 /* Build configuration list for PBXNativeTarget "MarkdownEditorTests" */;
			buildPhases = (
				F99DA50D1807F84C00176BE7 /* Sources */,
				F99DA50E1807F84C00176BE7 /* Frameworks */,
				F99DA50F1807F84C00176BE7 /* Resources */,
			);
			buildRules = (
			);
			dependencies = (
				F99DA5171807F84C00176BE7 /* PBXTargetDependency */,
			);
			name = MarkdownEditorTests;
			productName = TextKitPlaygroundTests;
			productReference = F99DA5111807F84C00176BE7 /* MarkdownEditorTests.xctest */;
			productType = "com.apple.product-type.bundle.unit-test";
		};
/* End PBXNativeTarget section */

/* Begin PBXProject section */
		F99DA4EE1807F84C00176BE7 /* Project object */ = {
			isa = PBXProject;
			attributes = {
				CLASSPREFIX = XGS;
				LastUpgradeCheck = 0500;
				ORGANIZATIONNAME = XiaoGouSoftware;
				TargetAttributes = {
					F99DA5101807F84C00176BE7 = {
						TestTargetID = F99DA4F51807F84C00176BE7;
					};
				};
			};
			buildConfigurationList = F99DA4F11807F84C00176BE7 /* Build configuration list for PBXProject "MarkdownEditor" */;
			compatibilityVersion = "Xcode 3.2";
			developmentRegion = English;
			hasScannedForEncodings = 0;
			knownRegions = (
				en,
			);
			mainGroup = F99DA4ED1807F84C00176BE7;
			productRefGroup = F99DA4F71807F84C00176BE7 /* Products */;
			projectDirPath = "";
			projectRoot = "";
			targets = (
				F99DA4F51807F84C00176BE7 /* MarkdownEditor */,
				F99DA5101807F84C00176BE7 /* MarkdownEditorTests */,
			);
		};
/* End PBXProject section */

/* Begin PBXResourcesBuildPhase section */
		F99DA4F41807F84C00176BE7 /* Resources */ = {
			isa = PBXResourcesBuildPhase;
			buildActionMask = 2147483647;
			files = (
				F99DA5041807F84C00176BE7 /* InfoPlist.strings in Resources */,
				F99DA50C1807F84C00176BE7 /* Images.xcassets in Resources */,
			);
			runOnlyForDeploymentPostprocessing = 0;
		};
		F99DA50F1807F84C00176BE7 /* Resources */ = {
			isa = PBXResourcesBuildPhase;
			buildActionMask = 2147483647;
			files = (
				F99DA51D1807F84C00176BE7 /* InfoPlist.strings in Resources */,
			);
			runOnlyForDeploymentPostprocessing = 0;
		};
/* End PBXResourcesBuildPhase section */

/* Begin PBXSourcesBuildPhase section */
		F99DA4F21807F84C00176BE7 /* Sources */ = {
			isa = PBXSourcesBuildPhase;
			buildActionMask = 2147483647;
			files = (
				F9AA467B180E11DB009B193A /* XGSMarkdownTagTrait.m in Sources */,
				F9AA465B180E0F59009B193A /* XGSTextViewController.m in Sources */,
				F9AA466A180E0F6B009B193A /* XGSHighlightTextStorage.m in Sources */,
				F99DA5061807F84C00176BE7 /* main.m in Sources */,
				F9AA4672180E0F70009B193A /* PSMenuItem.m in Sources */,
				F9AA466C180E0F6B009B193A /* XGSMarkdownDefinition.m in Sources */,
				F9317FCF180ED9780047195F /* NSDictionary+XGSMerge.m in Sources */,
				F9AA466B180E0F6B009B193A /* XGSMarkdownTag.m in Sources */,
				F9AA465F180E0F63009B193A /* UIColor+AppColor.m in Sources */,
				F9AA467E180E12FD009B193A /* XGSMarkdownTagBuilder.m in Sources */,
				F9AA4673180E0F70009B193A /* XGSMarkdownInputAccessoryView.m in Sources */,
				F9AA4659180E0F59009B193A /* XGSAppDelegate.m in Sources */,
			);
			runOnlyForDeploymentPostprocessing = 0;
		};
		F99DA50D1807F84C00176BE7 /* Sources */ = {
			isa = PBXSourcesBuildPhase;
			buildActionMask = 2147483647;
			files = (
				F99DA51F1807F84C00176BE7 /* TextKitPlaygroundTests.m in Sources */,
			);
			runOnlyForDeploymentPostprocessing = 0;
		};
/* End PBXSourcesBuildPhase section */

/* Begin PBXTargetDependency section */
		F99DA5171807F84C00176BE7 /* PBXTargetDependency */ = {
			isa = PBXTargetDependency;
			target = F99DA4F51807F84C00176BE7 /* MarkdownEditor */;
			targetProxy = F99DA5161807F84C00176BE7 /* PBXContainerItemProxy */;
		};
/* End PBXTargetDependency section */

/* Begin PBXVariantGroup section */
		F99DA5021807F84C00176BE7 /* InfoPlist.strings */ = {
			isa = PBXVariantGroup;
			children = (
				F99DA5031807F84C00176BE7 /* en */,
			);
			name = InfoPlist.strings;
			sourceTree = "<group>";
		};
		F99DA51B1807F84C00176BE7 /* InfoPlist.strings */ = {
			isa = PBXVariantGroup;
			children = (
				F99DA51C1807F84C00176BE7 /* en */,
			);
			name = InfoPlist.strings;
			sourceTree = "<group>";
		};
/* End PBXVariantGroup section */

/* Begin XCBuildConfiguration section */
		F99DA5201807F84C00176BE7 /* Debug */ = {
			isa = XCBuildConfiguration;
			buildSettings = {
				ALWAYS_SEARCH_USER_PATHS = NO;
				ARCHS = "$(ARCHS_STANDARD_INCLUDING_64_BIT)";
				CLANG_CXX_LANGUAGE_STANDARD = "gnu++0x";
				CLANG_CXX_LIBRARY = "libc++";
				CLANG_ENABLE_MODULES = YES;
				CLANG_ENABLE_OBJC_ARC = YES;
				CLANG_WARN_BOOL_CONVERSION = YES;
				CLANG_WARN_CONSTANT_CONVERSION = YES;
				CLANG_WARN_DIRECT_OBJC_ISA_USAGE = YES_ERROR;
				CLANG_WARN_EMPTY_BODY = YES;
				CLANG_WARN_ENUM_CONVERSION = YES;
				CLANG_WARN_INT_CONVERSION = YES;
				CLANG_WARN_OBJC_ROOT_CLASS = YES_ERROR;
				CLANG_WARN__DUPLICATE_METHOD_MATCH = YES;
				"CODE_SIGN_IDENTITY[sdk=iphoneos*]" = "iPhone Developer";
				COPY_PHASE_STRIP = NO;
				GCC_C_LANGUAGE_STANDARD = gnu99;
				GCC_DYNAMIC_NO_PIC = NO;
				GCC_OPTIMIZATION_LEVEL = 0;
				GCC_PREPROCESSOR_DEFINITIONS = (
					"DEBUG=1",
					"$(inherited)",
				);
				GCC_SYMBOLS_PRIVATE_EXTERN = NO;
				GCC_WARN_64_TO_32_BIT_CONVERSION = YES;
				GCC_WARN_ABOUT_RETURN_TYPE = YES_ERROR;
				GCC_WARN_UNDECLARED_SELECTOR = YES;
				GCC_WARN_UNINITIALIZED_AUTOS = YES;
				GCC_WARN_UNUSED_FUNCTION = YES;
				GCC_WARN_UNUSED_VARIABLE = YES;
				IPHONEOS_DEPLOYMENT_TARGET = 7.0;
				ONLY_ACTIVE_ARCH = YES;
				SDKROOT = iphoneos;
			};
			name = Debug;
		};
		F99DA5211807F84C00176BE7 /* Release */ = {
			isa = XCBuildConfiguration;
			buildSettings = {
				ALWAYS_SEARCH_USER_PATHS = NO;
				ARCHS = "$(ARCHS_STANDARD_INCLUDING_64_BIT)";
				CLANG_CXX_LANGUAGE_STANDARD = "gnu++0x";
				CLANG_CXX_LIBRARY = "libc++";
				CLANG_ENABLE_MODULES = YES;
				CLANG_ENABLE_OBJC_ARC = YES;
				CLANG_WARN_BOOL_CONVERSION = YES;
				CLANG_WARN_CONSTANT_CONVERSION = YES;
				CLANG_WARN_DIRECT_OBJC_ISA_USAGE = YES_ERROR;
				CLANG_WARN_EMPTY_BODY = YES;
				CLANG_WARN_ENUM_CONVERSION = YES;
				CLANG_WARN_INT_CONVERSION = YES;
				CLANG_WARN_OBJC_ROOT_CLASS = YES_ERROR;
				CLANG_WARN__DUPLICATE_METHOD_MATCH = YES;
				"CODE_SIGN_IDENTITY[sdk=iphoneos*]" = "iPhone Developer";
				COPY_PHASE_STRIP = YES;
				ENABLE_NS_ASSERTIONS = NO;
				GCC_C_LANGUAGE_STANDARD = gnu99;
				GCC_WARN_64_TO_32_BIT_CONVERSION = YES;
				GCC_WARN_ABOUT_RETURN_TYPE = YES_ERROR;
				GCC_WARN_UNDECLARED_SELECTOR = YES;
				GCC_WARN_UNINITIALIZED_AUTOS = YES;
				GCC_WARN_UNUSED_FUNCTION = YES;
				GCC_WARN_UNUSED_VARIABLE = YES;
				IPHONEOS_DEPLOYMENT_TARGET = 7.0;
				SDKROOT = iphoneos;
				VALIDATE_PRODUCT = YES;
			};
			name = Release;
		};
		F99DA5231807F84C00176BE7 /* Debug */ = {
			isa = XCBuildConfiguration;
			buildSettings = {
				ASSETCATALOG_COMPILER_APPICON_NAME = AppIcon;
				ASSETCATALOG_COMPILER_LAUNCHIMAGE_NAME = LaunchImage;
				GCC_PRECOMPILE_PREFIX_HEADER = YES;
				GCC_PREFIX_HEADER = "MarkdownEditor/MarkdownEditor-Prefix.pch";
				INFOPLIST_FILE = "$(SRCROOT)/MarkdownEditor/MarkdownEditor-Info.plist";
				PRODUCT_NAME = MarkdownEditor;
				WRAPPER_EXTENSION = app;
			};
			name = Debug;
		};
		F99DA5241807F84C00176BE7 /* Release */ = {
			isa = XCBuildConfiguration;
			buildSettings = {
				ASSETCATALOG_COMPILER_APPICON_NAME = AppIcon;
				ASSETCATALOG_COMPILER_LAUNCHIMAGE_NAME = LaunchImage;
				GCC_PRECOMPILE_PREFIX_HEADER = YES;
				GCC_PREFIX_HEADER = "MarkdownEditor/MarkdownEditor-Prefix.pch";
				INFOPLIST_FILE = "$(SRCROOT)/MarkdownEditor/MarkdownEditor-Info.plist";
				PRODUCT_NAME = MarkdownEditor;
				WRAPPER_EXTENSION = app;
			};
			name = Release;
		};
		F99DA5261807F84C00176BE7 /* Debug */ = {
			isa = XCBuildConfiguration;
			buildSettings = {
				ARCHS = "$(ARCHS_STANDARD_INCLUDING_64_BIT)";
				BUNDLE_LOADER = "$(BUILT_PRODUCTS_DIR)/TextKitPlayground.app/TextKitPlayground";
				FRAMEWORK_SEARCH_PATHS = (
					"$(SDKROOT)/Developer/Library/Frameworks",
					"$(inherited)",
					"$(DEVELOPER_FRAMEWORKS_DIR)",
				);
				GCC_PRECOMPILE_PREFIX_HEADER = YES;
				GCC_PREFIX_HEADER = "TextKitPlayground/TextKitPlayground-Prefix.pch";
				GCC_PREPROCESSOR_DEFINITIONS = (
					"DEBUG=1",
					"$(inherited)",
				);
				INFOPLIST_FILE = "TextKitPlaygroundTests/MarkdownEditorTests-Info.plist";
				PRODUCT_NAME = MarkdownEditorTests;
				TEST_HOST = "$(BUNDLE_LOADER)";
				WRAPPER_EXTENSION = xctest;
			};
			name = Debug;
		};
		F99DA5271807F84C00176BE7 /* Release */ = {
			isa = XCBuildConfiguration;
			buildSettings = {
				ARCHS = "$(ARCHS_STANDARD_INCLUDING_64_BIT)";
				BUNDLE_LOADER = "$(BUILT_PRODUCTS_DIR)/TextKitPlayground.app/TextKitPlayground";
				FRAMEWORK_SEARCH_PATHS = (
					"$(SDKROOT)/Developer/Library/Frameworks",
					"$(inherited)",
					"$(DEVELOPER_FRAMEWORKS_DIR)",
				);
				GCC_PRECOMPILE_PREFIX_HEADER = YES;
				GCC_PREFIX_HEADER = "TextKitPlayground/TextKitPlayground-Prefix.pch";
				INFOPLIST_FILE = "TextKitPlaygroundTests/MarkdownEditorTests-Info.plist";
				PRODUCT_NAME = MarkdownEditorTests;
				TEST_HOST = "$(BUNDLE_LOADER)";
				WRAPPER_EXTENSION = xctest;
			};
			name = Release;
		};
/* End XCBuildConfiguration section */

/* Begin XCConfigurationList section */
		F99DA4F11807F84C00176BE7 /* Build configuration list for PBXProject "MarkdownEditor" */ = {
			isa = XCConfigurationList;
			buildConfigurations = (
				F99DA5201807F84C00176BE7 /* Debug */,
				F99DA5211807F84C00176BE7 /* Release */,
			);
			defaultConfigurationIsVisible = 0;
			defaultConfigurationName = Release;
		};
		F99DA5221807F84C00176BE7 /* Build configuration list for PBXNativeTarget "MarkdownEditor" */ = {
			isa = XCConfigurationList;
			buildConfigurations = (
				F99DA5231807F84C00176BE7 /* Debug */,
				F99DA5241807F84C00176BE7 /* Release */,
			);
			defaultConfigurationIsVisible = 0;
			defaultConfigurationName = Release;
		};
		F99DA5251807F84C00176BE7 /* Build configuration list for PBXNativeTarget "MarkdownEditorTests" */ = {
			isa = XCConfigurationList;
			buildConfigurations = (
				F99DA5261807F84C00176BE7 /* Debug */,
				F99DA5271807F84C00176BE7 /* Release */,
			);
			defaultConfigurationIsVisible = 0;
			defaultConfigurationName = Release;
		};
/* End XCConfigurationList section */
	};
	rootObject = F99DA4EE1807F84C00176BE7 /* Project object */;
}
